PODS:
  - Facebook-iOS-SDK (3.5.3)
  - FlurrySDK (4.2.1)
  - libwebp (0.3.0-rc7):
    - libwebp/dec
    - libwebp/dsp
    - libwebp/utils
    - libwebp/webp
  - libwebp/dec (0.3.0-rc7)
  - libwebp/dsp (0.3.0-rc7)
  - libwebp/utils (0.3.0-rc7)
  - libwebp/webp (0.3.0-rc7)
  - MBProgressHUD (0.7)
  - SDWebImage (3.3):
    - libwebp
    - SDWebImage/MapKit
  - SDWebImage/MapKit (3.3):
    - libwebp
  - TestFlightSDK (1.2.6)

DEPENDENCIES:
  - Facebook-iOS-SDK
  - FlurrySDK
  - MBProgressHUD
  - SDWebImage
  - TestFlightSDK (= 1.2.6)

SPEC CHECKSUMS:
  Facebook-iOS-SDK: c11e851555d8cb8b55853ec2990b01d9e343d09e
  FlurrySDK: 9a38bbb195c9f636a40193190ef38fd07e6b76c5
  libwebp: 40517fa1fd3716eded73b4696c45fc0b66e4b414
  MBProgressHUD: 1fd8591a2216d5dec6de24e09187bb03bcbe9946
  SDWebImage: 79a8bac9ccf85b269100b294f7b43684dab8bf8a
  TestFlightSDK: 7d9abce62f5a17191c4df84fd88e05797e6776e0

COCOAPODS: 0.20.2
